
Microsoft Visual Studio Solution File, Format Version 12.00
# Visual Studio 15
VisualStudioVersion = 15.0.26124.0
MinimumVisualStudioVersion = 15.0.26124.0
Project("{2150E333-8FDC-42A3-9474-1A3956D46DE8}") = "src", "src", "{F7D9575B-B67B-436A-8ABD-47987D8A79CC}"
EndProject
Project("{FAE04EC0-301F-11D3-BF4B-00C04F79EFBC}") = "Pasty.Core", "src\Pasty.Core\Pasty.Core.csproj", "{4B3099CE-591D-4395-A151-257033F8D61C}"
EndProject
Project("{FAE04EC0-301F-11D3-BF4B-00C04F79EFBC}") = "Pasty.Api", "src\Pasty.Api\Pasty.Api.csproj", "{6BFF2ACF-69C3-4CF7-933E-77DC15C2ABFA}"
EndProject
Global
	GlobalSection(SolutionConfigurationPlatforms) = preSolution
		Debug|Any CPU = Debug|Any CPU
		Debug|x64 = Debug|x64
		Debug|x86 = Debug|x86
		Release|Any CPU = Release|Any CPU
		Release|x64 = Release|x64
		Release|x86 = Release|x86
	EndGlobalSection
	GlobalSection(SolutionProperties) = preSolution
		HideSolutionNode = FALSE
	EndGlobalSection
	GlobalSection(ProjectConfigurationPlatforms) = postSolution
		{4B3099CE-591D-4395-A151-257033F8D61C}.Debug|Any CPU.ActiveCfg = Debug|Any CPU
		{4B3099CE-591D-4395-A151-257033F8D61C}.Debug|Any CPU.Build.0 = Debug|Any CPU
		{4B3099CE-591D-4395-A151-257033F8D61C}.Debug|x64.ActiveCfg = Debug|Any CPU
		{4B3099CE-591D-4395-A151-257033F8D61C}.Debug|x64.Build.0 = Debug|Any CPU
		{4B3099CE-591D-4395-A151-257033F8D61C}.Debug|x86.ActiveCfg = Debug|Any CPU
		{4B3099CE-591D-4395-A151-257033F8D61C}.Debug|x86.Build.0 = Debug|Any CPU
		{4B3099CE-591D-4395-A151-257033F8D61C}.Release|Any CPU.ActiveCfg = Release|Any CPU
		{4B3099CE-591D-4395-A151-257033F8D61C}.Release|Any CPU.Build.0 = Release|Any CPU
		{4B3099CE-591D-4395-A151-257033F8D61C}.Release|x64.ActiveCfg = Release|Any CPU
		{4B3099CE-591D-4395-A151-257033F8D61C}.Release|x64.Build.0 = Release|Any CPU
		{4B3099CE-591D-4395-A151-257033F8D61C}.Release|x86.ActiveCfg = Release|Any CPU
		{4B3099CE-591D-4395-A151-257033F8D61C}.Release|x86.Build.0 = Release|Any CPU
		{6BFF2ACF-69C3-4CF7-933E-77DC15C2ABFA}.Debug|Any CPU.ActiveCfg = Debug|Any CPU
		{6BFF2ACF-69C3-4CF7-933E-77DC15C2ABFA}.Debug|Any CPU.Build.0 = Debug|Any CPU
		{6BFF2ACF-69C3-4CF7-933E-77DC15C2ABFA}.Debug|x64.ActiveCfg = Debug|Any CPU
		{6BFF2ACF-69C3-4CF7-933E-77DC15C2ABFA}.Debug|x64.Build.0 = Debug|Any CPU
		{6BFF2ACF-69C3-4CF7-933E-77DC15C2ABFA}.Debug|x86.ActiveCfg = Debug|Any CPU
		{6BFF2ACF-69C3-4CF7-933E-77DC15C2ABFA}.Debug|x86.Build.0 = Debug|Any CPU
		{6BFF2ACF-69C3-4CF7-933E-77DC15C2ABFA}.Release|Any CPU.ActiveCfg = Release|Any CPU
		{6BFF2ACF-69C3-4CF7-933E-77DC15C2ABFA}.Release|Any CPU.Build.0 = Release|Any CPU
		{6BFF2ACF-69C3-4CF7-933E-77DC15C2ABFA}.Release|x64.ActiveCfg = Release|Any CPU
		{6BFF2ACF-69C3-4CF7-933E-77DC15C2ABFA}.Release|x64.Build.0 = Release|Any CPU
		{6BFF2ACF-69C3-4CF7-933E-77DC15C2ABFA}.Release|x86.ActiveCfg = Release|Any CPU
		{6BFF2ACF-69C3-4CF7-933E-77DC15C2ABFA}.Release|x86.Build.0 = Release|Any CPU
	EndGlobalSection
	GlobalSection(NestedProjects) = preSolution
		{4B3099CE-591D-4395-A151-257033F8D61C} = {F7D9575B-B67B-436A-8ABD-47987D8A79CC}
		{6BFF2ACF-69C3-4CF7-933E-77DC15C2ABFA} = {F7D9575B-B67B-436A-8ABD-47987D8A79CC}
	EndGlobalSection
EndGlobal
